
Microsoft Visual Studio Solution File, Format Version 12.00
# Visual Studio Version 16
VisualStudioVersion = 16.0.29519.87
MinimumVisualStudioVersion = 10.0.40219.1
Project("{FAE04EC0-301F-11D3-BF4B-00C04F79EFBC}") = "temp-ng-core", "temp-ng-core.csproj", "{D23D7C12-A86F-4F13-B410-D07F6D5EC5AA}"
EndProject
Global
	GlobalSection(SolutionConfigurationPlatforms) = preSolution
		Debug|Any CPU = Debug|Any CPU
		Release|Any CPU = Release|Any CPU
	EndGlobalSection
	GlobalSection(ProjectConfigurationPlatforms) = postSolution
		{D23D7C12-A86F-4F13-B410-D07F6D5EC5AA}.Debug|Any CPU.ActiveCfg = Debug|Any CPU
		{D23D7C12-A86F-4F13-B410-D07F6D5EC5AA}.Debug|Any CPU.Build.0 = Debug|Any CPU
		{D23D7C12-A86F-4F13-B410-D07F6D5EC5AA}.Release|Any CPU.ActiveCfg = Release|Any CPU
		{D23D7C12-A86F-4F13-B410-D07F6D5EC5AA}.Release|Any CPU.Build.0 = Release|Any CPU
	EndGlobalSection
	GlobalSection(SolutionProperties) = preSolution
		HideSolutionNode = FALSE
	EndGlobalSection
	GlobalSection(ExtensibilityGlobals) = postSolution
		SolutionGuid = {82ABB791-B631-4895-A936-87B18E840ECE}
	EndGlobalSection
EndGlobal
